// !$*UTF8*$!
{
	archiveVersion = 1;
	classes = {
	};
	objectVersion = 77;
	objects = {

/* Begin PBXContainerItemProxy section */
		DFFE9F662E7983DE005A2559 /* PBXContainerItemProxy */ = {
			isa = PBXContainerItemProxy;
			containerPortal = DFFE9F502E7983D3005A2559 /* Project object */;
			proxyType = 1;
			remoteGlobalIDString = DFFE9F572E7983D4005A2559;
			remoteInfo = porfolio;
		};
		DFFE9F702E7983DE005A2559 /* PBXContainerItemProxy */ = {
			isa = PBXContainerItemProxy;
			containerPortal = DFFE9F502E7983D3005A2559 /* Project object */;
			proxyType = 1;
			remoteGlobalIDString = DFFE9F572E7983D4005A2559;
			remoteInfo = porfolio;
		};
/* End PBXContainerItemProxy section */

/* Begin PBXFileReference section */
		DFFE9F582E7983D4005A2559 /* porfolio.app */ = {isa = PBXFileReference; explicitFileType = wrapper.application; includeInIndex = 0; path = porfolio.app; sourceTree = BUILT_PRODUCTS_DIR; };
		DFFE9F652E7983DE005A2559 /* porfolioTests.xctest */ = {isa = PBXFileReference; explicitFileType = wrapper.cfbundle; includeInIndex = 0; path = porfolioTests.xctest; sourceTree = BUILT_PRODUCTS_DIR; };
		DFFE9F6F2E7983DE005A2559 /* porfolioUITests.xctest */ = {isa = PBXFileReference; explicitFileType = wrapper.cfbundle; includeInIndex = 0; path = porfolioUITests.xctest; sourceTree = BUILT_PRODUCTS_DIR; };
/* End PBXFileReference section */

/* Begin PBXFileSystemSynchronizedBuildFileExceptionSet section */
		DFE299C62E7998850091D52B /* Exceptions for "porfolio" folder in "porfolioTests" target */ = {
			isa = PBXFileSystemSynchronizedBuildFileExceptionSet;
			membershipExceptions = (
				ProfilePhoto.jpeg,
			);
			target = DFFE9F642E7983DE005A2559 /* porfolioTests */;
		};
/* End PBXFileSystemSynchronizedBuildFileExceptionSet section */

/* Begin PBXFileSystemSynchronizedRootGroup section */
		DFFE9F5A2E7983D4005A2559 /* porfolio */ = {
			isa = PBXFileSystemSynchronizedRootGroup;
			exceptions = (
				DFE299C62E7998850091D52B /* Exceptions for "porfolio" folder in "porfolioTests" target */,
			);
			path = porfolio;
			sourceTree = "<group>";
		};
		DFFE9F682E7983DE005A2559 /* porfolioTests */ = {
			isa = PBXFileSystemSynchronizedRootGroup;
			path = porfolioTests;
			sourceTree = "<group>";
		};
		DFFE9F722E7983DE005A2559 /* porfolioUITests */ = {
			isa = PBXFileSystemSynchronizedRootGroup;
			path = porfolioUITests;
			sourceTree = "<group>";
		};
/* End PBXFileSystemSynchronizedRootGroup section */

/* Begin PBXFrameworksBuildPhase section */
		DFFE9F552E7983D4005A2559 /* Frameworks */ = {
			isa = PBXFrameworksBuildPhase;
			buildActionMask = 2147483647;
			files = (
			);
			runOnlyForDeploymentPostprocessing = 0;
		};
		DFFE9F622E7983DE005A2559 /* Frameworks */ = {
			isa = PBXFrameworksBuildPhase;
			buildActionMask = 2147483647;
			files = (
			);
			runOnlyForDeploymentPostprocessing = 0;
		};
		DFFE9F6C2E7983DE005A2559 /* Frameworks */ = {
			isa = PBXFrameworksBuildPhase;
			buildActionMask = 2147483647;
			files = (
			);
			runOnlyForDeploymentPostprocessing = 0;
		};
/* End PBXFrameworksBuildPhase section */

/* Begin PBXGroup section */
		DFFE9F4F2E7983D3005A2559 = {
			isa = PBXGroup;
			children = (
				DFFE9F5A2E7983D4005A2559 /* porfolio */,
				DFFE9F682E7983DE005A2559 /* porfolioTests */,
				DFFE9F722E7983DE005A2559 /* porfolioUITests */,
				DFFE9F592E7983D4005A2559 /* Products */,
			);
			sourceTree = "<group>";
		};
		DFFE9F592E7983D4005A2559 /* Products */ = {
			isa = PBXGroup;
			children = (
				DFFE9F582E7983D4005A2559 /* porfolio.app */,
				DFFE9F652E7983DE005A2559 /* porfolioTests.xctest */,
				DFFE9F6F2E7983DE005A2559 /* porfolioUITests.xctest */,
			);
			name = Products;
			sourceTree = "<group>";
		};
/* End PBXGroup section */

/* Begin PBXNativeTarget section */
		DFFE9F572E7983D4005A2559 /* porfolio */ = {
			isa = PBXNativeTarget;
			buildConfigurationList = DFFE9F792E7983DE005A2559 /* Build configuration list for PBXNativeTarget "porfolio" */;
			buildPhases = (
				DFFE9F542E7983D4005A2559 /* Sources */,
				DFFE9F552E7983D4005A2559 /* Frameworks */,
				DFFE9F562E7983D4005A2559 /* Resources */,
			);
			buildRules = (
			);
			dependencies = (
			);
			fileSystemSynchronizedGroups = (
				DFFE9F5A2E7983D4005A2559 /* porfolio */,
			);
			name = porfolio;
			packageProductDependencies = (
			);
			productName = porfolio;
			productReference = DFFE9F582E7983D4005A2559 /* porfolio.app */;
			productType = "com.apple.product-type.application";
		};
		DFFE9F642E7983DE005A2559 /* porfolioTests */ = {
			isa = PBXNativeTarget;
			buildConfigurationList = DFFE9F7C2E7983DE005A2559 /* Build configuration list for PBXNativeTarget "porfolioTests" */;
			buildPhases = (
				DFFE9F612E7983DE005A2559 /* Sources */,
				DFFE9F622E7983DE005A2559 /* Frameworks */,
				DFFE9F632E7983DE005A2559 /* Resources */,
			);
			buildRules = (
			);
			dependencies = (
				DFFE9F672E7983DE005A2559 /* PBXTargetDependency */,
			);
			fileSystemSynchronizedGroups = (
				DFFE9F682E7983DE005A2559 /* porfolioTests */,
			);
			name = porfolioTests;
			packageProductDependencies = (
			);
			productName = porfolioTests;
			productReference = DFFE9F652E7983DE005A2559 /* porfolioTests.xctest */;
			productType = "com.apple.product-type.bundle.unit-test";
		};
		DFFE9F6E2E7983DE005A2559 /* porfolioUITests */ = {
			isa = PBXNativeTarget;
			buildConfigurationList = DFFE9F7F2E7983DE005A2559 /* Build configuration list for PBXNativeTarget "porfolioUITests" */;
			buildPhases = (
				DFFE9F6B2E7983DE005A2559 /* Sources */,
				DFFE9F6C2E7983DE005A2559 /* Frameworks */,
				DFFE9F6D2E7983DE005A2559 /* Resources */,
			);
			buildRules = (
			);
			dependencies = (
				DFFE9F712E7983DE005A2559 /* PBXTargetDependency */,
			);
			fileSystemSynchronizedGroups = (
				DFFE9F722E7983DE005A2559 /* porfolioUITests */,
			);
			name = porfolioUITests;
			packageProductDependencies = (
			);
			productName = porfolioUITests;
			productReference = DFFE9F6F2E7983DE005A2559 /* porfolioUITests.xctest */;
			productType = "com.apple.product-type.bundle.ui-testing";
		};
/* End PBXNativeTarget section */

/* Begin PBXProject section */
		DFFE9F502E7983D3005A2559 /* Project object */ = {
			isa = PBXProject;
			attributes = {
				BuildIndependentTargetsInParallel = 1;
				LastSwiftUpdateCheck = 1640;
				LastUpgradeCheck = 1640;
				TargetAttributes = {
					DFFE9F572E7983D4005A2559 = {
						CreatedOnToolsVersion = 16.4;
					};
					DFFE9F642E7983DE005A2559 = {
						CreatedOnToolsVersion = 16.4;
						TestTargetID = DFFE9F572E7983D4005A2559;
					};
					DFFE9F6E2E7983DE005A2559 = {
						CreatedOnToolsVersion = 16.4;
						TestTargetID = DFFE9F572E7983D4005A2559;
					};
				};
			};
			buildConfigurationList = DFFE9F532E7983D4005A2559 /* Build configuration list for PBXProject "porfolio" */;
			developmentRegion = en;
			hasScannedForEncodings = 0;
			knownRegions = (
				en,
				Base,
			);
			mainGroup = DFFE9F4F2E7983D3005A2559;
			minimizedProjectReferenceProxies = 1;
			preferredProjectObjectVersion = 77;
			productRefGroup = DFFE9F592E7983D4005A2559 /* Products */;
			projectDirPath = "";
			projectRoot = "";
			targets = (
				DFFE9F572E7983D4005A2559 /* porfolio */,
				DFFE9F642E7983DE005A2559 /* porfolioTests */,
				DFFE9F6E2E7983DE005A2559 /* porfolioUITests */,
			);
		};
/* End PBXProject section */

/* Begin PBXResourcesBuildPhase section */
		DFFE9F562E7983D4005A2559 /* Resources */ = {
			isa = PBXResourcesBuildPhase;
			buildActionMask = 2147483647;
			files = (
			);
			runOnlyForDeploymentPostprocessing = 0;
		};
		DFFE9F632E7983DE005A2559 /* Resources */ = {
			isa = PBXResourcesBuildPhase;
			buildActionMask = 2147483647;
			files = (
			);
			runOnlyForDeploymentPostprocessing = 0;
		};
		DFFE9F6D2E7983DE005A2559 /* Resources */ = {
			isa = PBXResourcesBuildPhase;
			buildActionMask = 2147483647;
			files = (
			);
			runOnlyForDeploymentPostprocessing = 0;
		};
/* End PBXResourcesBuildPhase section */

/* Begin PBXSourcesBuildPhase section */
		DFFE9F542E7983D4005A2559 /* Sources */ = {
			isa = PBXSourcesBuildPhase;
			buildActionMask = 2147483647;
			files = (
			);
			runOnlyForDeploymentPostprocessing = 0;
		};
		DFFE9F612E7983DE005A2559 /* Sources */ = {
			isa = PBXSourcesBuildPhase;
			buildActionMask = 2147483647;
			files = (
			);
			runOnlyForDeploymentPostprocessing = 0;
		};
		DFFE9F6B2E7983DE005A2559 /* Sources */ = {
			isa = PBXSourcesBuildPhase;
			buildActionMask = 2147483647;
			files = (
			);
			runOnlyForDeploymentPostprocessing = 0;
		};
/* End PBXSourcesBuildPhase section */

/* Begin PBXTargetDependency section */
		DFFE9F672E7983DE005A2559 /* PBXTargetDependency */ = {
			isa = PBXTargetDependency;
			target = DFFE9F572E7983D4005A2559 /* porfolio */;
			targetProxy = DFFE9F662E7983DE005A2559 /* PBXContainerItemProxy */;
		};
		DFFE9F712E7983DE005A2559 /* PBXTargetDependency */ = {
			isa = PBXTargetDependency;
			target = DFFE9F572E7983D4005A2559 /* porfolio */;
			targetProxy = DFFE9F702E7983DE005A2559 /* PBXContainerItemProxy */;
		};
/* End PBXTargetDependency section */

/* Begin XCBuildConfiguration section */
		DFFE9F772E7983DE005A2559 /* Debug */ = {
			isa = XCBuildConfiguration;
			buildSettings = {
				ALWAYS_SEARCH_USER_PATHS = NO;
				ASSETCATALOG_COMPILER_GENERATE_SWIFT_ASSET_SYMBOL_EXTENSIONS = YES;
				CLANG_ANALYZER_NONNULL = YES;
				CLANG_ANALYZER_NUMBER_OBJECT_CONVERSION = YES_AGGRESSIVE;
				CLANG_CXX_LANGUAGE_STANDARD = "gnu++20";
				CLANG_ENABLE_MODULES = YES;
				CLANG_ENABLE_OBJC_ARC = YES;
				CLANG_ENABLE_OBJC_WEAK = YES;
				CLANG_WARN_BLOCK_CAPTURE_AUTORELEASING = YES;
				CLANG_WARN_BOOL_CONVERSION = YES;
				CLANG_WARN_COMMA = YES;
				CLANG_WARN_CONSTANT_CONVERSION = YES;
				CLANG_WARN_DEPRECATED_OBJC_IMPLEMENTATIONS = YES;
				CLANG_WARN_DIRECT_OBJC_ISA_USAGE = YES_ERROR;
				CLANG_WARN_DOCUMENTATION_COMMENTS = YES;
				CLANG_WARN_EMPTY_BODY = YES;
				CLANG_WARN_ENUM_CONVERSION = YES;
				CLANG_WARN_INFINITE_RECURSION = YES;
				CLANG_WARN_INT_CONVERSION = YES;
				CLANG_WARN_NON_LITERAL_NULL_CONVERSION = YES;
				CLANG_WARN_OBJC_IMPLICIT_RETAIN_SELF = YES;
				CLANG_WARN_OBJC_LITERAL_CONVERSION = YES;
				CLANG_WARN_OBJC_ROOT_CLASS = YES_ERROR;
				CLANG_WARN_QUOTED_INCLUDE_IN_FRAMEWORK_HEADER = YES;
				CLANG_WARN_RANGE_LOOP_ANALYSIS = YES;
				CLANG_WARN_STRICT_PROTOTYPES = YES;
				CLANG_WARN_SUSPICIOUS_MOVE = YES;
				CLANG_WARN_UNGUARDED_AVAILABILITY = YES_AGGRESSIVE;
				CLANG_WARN_UNREACHABLE_CODE = YES;
				CLANG_WARN__DUPLICATE_METHOD_MATCH = YES;
				COPY_PHASE_STRIP = NO;
				DEBUG_INFORMATION_FORMAT = dwarf;
				ENABLE_STRICT_OBJC_MSGSEND = YES;
				ENABLE_TESTABILITY = YES;
				ENABLE_USER_SCRIPT_SANDBOXING = YES;
				GCC_C_LANGUAGE_STANDARD = gnu17;
				GCC_DYNAMIC_NO_PIC = NO;
				GCC_NO_COMMON_BLOCKS = YES;
				GCC_OPTIMIZATION_LEVEL = 0;
				GCC_PREPROCESSOR_DEFINITIONS = (
					"DEBUG=1",
					"$(inherited)",
				);
				GCC_WARN_64_TO_32_BIT_CONVERSION = YES;
				GCC_WARN_ABOUT_RETURN_TYPE = YES_ERROR;
				GCC_WARN_UNDECLARED_SELECTOR = YES;
				GCC_WARN_UNINITIALIZED_AUTOS = YES_AGGRESSIVE;
				GCC_WARN_UNUSED_FUNCTION = YES;
				GCC_WARN_UNUSED_VARIABLE = YES;
				IPHONEOS_DEPLOYMENT_TARGET = 18.5;
				LOCALIZATION_PREFERS_STRING_CATALOGS = YES;
				MTL_ENABLE_DEBUG_INFO = INCLUDE_SOURCE;
				MTL_FAST_MATH = YES;
				ONLY_ACTIVE_ARCH = YES;
				SDKROOT = iphoneos;
				SWIFT_ACTIVE_COMPILATION_CONDITIONS = "DEBUG $(inherited)";
				SWIFT_OPTIMIZATION_LEVEL = "-Onone";
			};
			name = Debug;
		};
		DFFE9F782E7983DE005A2559 /* Release */ = {
			isa = XCBuildConfiguration;
			buildSettings = {
				ALWAYS_SEARCH_USER_PATHS = NO;
				ASSETCATALOG_COMPILER_GENERATE_SWIFT_ASSET_SYMBOL_EXTENSIONS = YES;
				CLANG_ANALYZER_NONNULL = YES;
				CLANG_ANALYZER_NUMBER_OBJECT_CONVERSION = YES_AGGRESSIVE;
				CLANG_CXX_LANGUAGE_STANDARD = "gnu++20";
				CLANG_ENABLE_MODULES = YES;
				CLANG_ENABLE_OBJC_ARC = YES;
				CLANG_ENABLE_OBJC_WEAK = YES;
				CLANG_WARN_BLOCK_CAPTURE_AUTORELEASING = YES;
				CLANG_WARN_BOOL_CONVERSION = YES;
				CLANG_WARN_COMMA = YES;
				CLANG_WARN_CONSTANT_CONVERSION = YES;
				CLANG_WARN_DEPRECATED_OBJC_IMPLEMENTATIONS = YES;
				CLANG_WARN_DIRECT_OBJC_ISA_USAGE = YES_ERROR;
				CLANG_WARN_DOCUMENTATION_COMMENTS = YES;
				CLANG_WARN_EMPTY_BODY = YES;
				CLANG_WARN_ENUM_CONVERSION = YES;
				CLANG_WARN_INFINITE_RECURSION = YES;
				CLANG_WARN_INT_CONVERSION = YES;
				CLANG_WARN_NON_LITERAL_NULL_CONVERSION = YES;
				CLANG_WARN_OBJC_IMPLICIT_RETAIN_SELF = YES;
				CLANG_WARN_OBJC_LITERAL_CONVERSION = YES;
				CLANG_WARN_OBJC_ROOT_CLASS = YES_ERROR;
				CLANG_WARN_QUOTED_INCLUDE_IN_FRAMEWORK_HEADER = YES;
				CLANG_WARN_RANGE_LOOP_ANALYSIS = YES;
				CLANG_WARN_STRICT_PROTOTYPES = YES;
				CLANG_WARN_SUSPICIOUS_MOVE = YES;
				CLANG_WARN_UNGUARDED_AVAILABILITY = YES_AGGRESSIVE;
				CLANG_WARN_UNREACHABLE_CODE = YES;
				CLANG_WARN__DUPLICATE_METHOD_MATCH = YES;
				COPY_PHASE_STRIP = NO;
				DEBUG_INFORMATION_FORMAT = "dwarf-with-dsym";
				ENABLE_NS_ASSERTIONS = NO;
				ENABLE_STRICT_OBJC_MSGSEND = YES;
				ENABLE_USER_SCRIPT_SANDBOXING = YES;
				GCC_C_LANGUAGE_STANDARD = gnu17;
				GCC_NO_COMMON_BLOCKS = YES;
				GCC_WARN_64_TO_32_BIT_CONVERSION = YES;
				GCC_WARN_ABOUT_RETURN_TYPE = YES_ERROR;
				GCC_WARN_UNDECLARED_SELECTOR = YES;
				GCC_WARN_UNINITIALIZED_AUTOS = YES_AGGRESSIVE;
				GCC_WARN_UNUSED_FUNCTION = YES;
				GCC_WARN_UNUSED_VARIABLE = YES;
				IPHONEOS_DEPLOYMENT_TARGET = 18.5;
				LOCALIZATION_PREFERS_STRING_CATALOGS = YES;
				MTL_ENABLE_DEBUG_INFO = NO;
				MTL_FAST_MATH = YES;
				SDKROOT = iphoneos;
				SWIFT_COMPILATION_MODE = wholemodule;
				VALIDATE_PRODUCT = YES;
			};
			name = Release;
		};
		DFFE9F7A2E7983DE005A2559 /* Debug */ = {
			isa = XCBuildConfiguration;
			buildSettings = {
				ASSETCATALOG_COMPILER_APPICON_NAME = AppIcon;
				ASSETCATALOG_COMPILER_GLOBAL_ACCENT_COLOR_NAME = AccentColor;
				CODE_SIGN_STYLE = Automatic;
				CURRENT_PROJECT_VERSION = 1;
				ENABLE_PREVIEWS = YES;
				GENERATE_INFOPLIST_FILE = YES;
				INFOPLIST_KEY_UIApplicationSceneManifest_Generation = YES;
				INFOPLIST_KEY_UIApplicationSupportsIndirectInputEvents = YES;
				INFOPLIST_KEY_UILaunchScreen_Generation = YES;
				INFOPLIST_KEY_UISupportedInterfaceOrientations_iPad = "UIInterfaceOrientationPortrait UIInterfaceOrientationPortraitUpsideDown UIInterfaceOrientationLandscapeLeft UIInterfaceOrientationLandscapeRight";
				INFOPLIST_KEY_UISupportedInterfaceOrientations_iPhone = "UIInterfaceOrientationPortrait UIInterfaceOrientationLandscapeLeft UIInterfaceOrientationLandscapeRight";
				LD_RUNPATH_SEARCH_PATHS = (
					"$(inherited)",
					"@executable_path/Frameworks",
				);
				MARKETING_VERSION = 1.0;
				PRODUCT_BUNDLE_IDENTIFIER = ui.porfolio;
				PRODUCT_NAME = "$(TARGET_NAME)";
				SWIFT_EMIT_LOC_STRINGS = YES;
				SWIFT_VERSION = 5.0;
				TARGETED_DEVICE_FAMILY = "1,2";
			};
			name = Debug;
		};
		DFFE9F7B2E7983DE005A2559 /* Release */ = {
			isa = XCBuildConfiguration;
			buildSettings = {
				ASSETCATALOG_COMPILER_APPICON_NAME = AppIcon;
				ASSETCATALOG_COMPILER_GLOBAL_ACCENT_COLOR_NAME = AccentColor;
				CODE_SIGN_STYLE = Automatic;
				CURRENT_PROJECT_VERSION = 1;
				ENABLE_PREVIEWS = YES;
				GENERATE_INFOPLIST_FILE = YES;
				INFOPLIST_KEY_UIApplicationSceneManifest_Generation = YES;
				INFOPLIST_KEY_UIApplicationSupportsIndirectInputEvents = YES;
				INFOPLIST_KEY_UILaunchScreen_Generation = YES;
				INFOPLIST_KEY_UISupportedInterfaceOrientations_iPad = "UIInterfaceOrientationPortrait UIInterfaceOrientationPortraitUpsideDown UIInterfaceOrientationLandscapeLeft UIInterfaceOrientationLandscapeRight";
				INFOPLIST_KEY_UISupportedInterfaceOrientations_iPhone = "UIInterfaceOrientationPortrait UIInterfaceOrientationLandscapeLeft UIInterfaceOrientationLandscapeRight";
				LD_RUNPATH_SEARCH_PATHS = (
					"$(inherited)",
					"@executable_path/Frameworks",
				);
				MARKETING_VERSION = 1.0;
				PRODUCT_BUNDLE_IDENTIFIER = ui.porfolio;
				PRODUCT_NAME = "$(TARGET_NAME)";
				SWIFT_EMIT_LOC_STRINGS = YES;
				SWIFT_VERSION = 5.0;
				TARGETED_DEVICE_FAMILY = "1,2";
			};
			name = Release;
		};
		DFFE9F7D2E7983DE005A2559 /* Debug */ = {
			isa = XCBuildConfiguration;
			buildSettings = {
				BUNDLE_LOADER = "$(TEST_HOST)";
				CODE_SIGN_STYLE = Automatic;
				CURRENT_PROJECT_VERSION = 1;
				GENERATE_INFOPLIST_FILE = YES;
				IPHONEOS_DEPLOYMENT_TARGET = 18.5;
				MARKETING_VERSION = 1.0;
				PRODUCT_BUNDLE_IDENTIFIER = ui.porfolioTests;
				PRODUCT_NAME = "$(TARGET_NAME)";
				SWIFT_EMIT_LOC_STRINGS = NO;
				SWIFT_VERSION = 5.0;
				TARGETED_DEVICE_FAMILY = "1,2";
				TEST_HOST = "$(BUILT_PRODUCTS_DIR)/porfolio.app/$(BUNDLE_EXECUTABLE_FOLDER_PATH)/porfolio";
			};
			name = Debug;
		};
		DFFE9F7E2E7983DE005A2559 /* Release */ = {
			isa = XCBuildConfiguration;
			buildSettings = {
				BUNDLE_LOADER = "$(TEST_HOST)";
				CODE_SIGN_STYLE = Automatic;
				CURRENT_PROJECT_VERSION = 1;
				GENERATE_INFOPLIST_FILE = YES;
				IPHONEOS_DEPLOYMENT_TARGET = 18.5;
				MARKETING_VERSION = 1.0;
				PRODUCT_BUNDLE_IDENTIFIER = ui.porfolioTests;
				PRODUCT_NAME = "$(TARGET_NAME)";
				SWIFT_EMIT_LOC_STRINGS = NO;
				SWIFT_VERSION = 5.0;
				TARGETED_DEVICE_FAMILY = "1,2";
				TEST_HOST = "$(BUILT_PRODUCTS_DIR)/porfolio.app/$(BUNDLE_EXECUTABLE_FOLDER_PATH)/porfolio";
			};
			name = Release;
		};
		DFFE9F802E7983DE005A2559 /* Debug */ = {
			isa = XCBuildConfiguration;
			buildSettings = {
				CODE_SIGN_STYLE = Automatic;
				CURRENT_PROJECT_VERSION = 1;
				GENERATE_INFOPLIST_FILE = YES;
				MARKETING_VERSION = 1.0;
				PRODUCT_BUNDLE_IDENTIFIER = ui.porfolioUITests;
				PRODUCT_NAME = "$(TARGET_NAME)";
				SWIFT_EMIT_LOC_STRINGS = NO;
				SWIFT_VERSION = 5.0;
				TARGETED_DEVICE_FAMILY = "1,2";
				TEST_TARGET_NAME = porfolio;
			};
			name = Debug;
		};
		DFFE9F812E7983DE005A2559 /* Release */ = {
			isa = XCBuildConfiguration;
			buildSettings = {
				CODE_SIGN_STYLE = Automatic;
				CURRENT_PROJECT_VERSION = 1;
				GENERATE_INFOPLIST_FILE = YES;
				MARKETING_VERSION = 1.0;
				PRODUCT_BUNDLE_IDENTIFIER = ui.porfolioUITests;
				PRODUCT_NAME = "$(TARGET_NAME)";
				SWIFT_EMIT_LOC_STRINGS = NO;
				SWIFT_VERSION = 5.0;
				TARGETED_DEVICE_FAMILY = "1,2";
				TEST_TARGET_NAME = porfolio;
			};
			name = Release;
		};
/* End XCBuildConfiguration section */

/* Begin XCConfigurationList section */
		DFFE9F532E7983D4005A2559 /* Build configuration list for PBXProject "porfolio" */ = {
			isa = XCConfigurationList;
			buildConfigurations = (
				DFFE9F772E7983DE005A2559 /* Debug */,
				DFFE9F782E7983DE005A2559 /* Release */,
			);
			defaultConfigurationIsVisible = 0;
			defaultConfigurationName = Release;
		};
		DFFE9F792E7983DE005A2559 /* Build configuration list for PBXNativeTarget "porfolio" */ = {
			isa = XCConfigurationList;
			buildConfigurations = (
				DFFE9F7A2E7983DE005A2559 /* Debug */,
				DFFE9F7B2E7983DE005A2559 /* Release */,
			);
			defaultConfigurationIsVisible = 0;
			defaultConfigurationName = Release;
		};
		DFFE9F7C2E7983DE005A2559 /* Build configuration list for PBXNativeTarget "porfolioTests" */ = {
			isa = XCConfigurationList;
			buildConfigurations = (
				DFFE9F7D2E7983DE005A2559 /* Debug */,
				DFFE9F7E2E7983DE005A2559 /* Release */,
			);
			defaultConfigurationIsVisible = 0;
			defaultConfigurationName = Release;
		};
		DFFE9F7F2E7983DE005A2559 /* Build configuration list for PBXNativeTarget "porfolioUITests" */ = {
			isa = XCConfigurationList;
			buildConfigurations = (
				DFFE9F802E7983DE005A2559 /* Debug */,
				DFFE9F812E7983DE005A2559 /* Release */,
			);
			defaultConfigurationIsVisible = 0;
			defaultConfigurationName = Release;
		};
/* End XCConfigurationList section */
	};
	rootObject = DFFE9F502E7983D3005A2559 /* Project object */;
}
